
Microsoft Visual Studio Solution File, Format Version 12.00
# Visual Studio Version 16
VisualStudioVersion = 16.0.30011.22
MinimumVisualStudioVersion = 15.0.26124.0
Project("{9A19103F-16F7-4668-BE54-9A1E7A4F7556}") = "API", "API\API.csproj", "{94A3BCA4-F744-4A2E-811F-E4CE2DABEB0C}"
EndProject
Project("{9A19103F-16F7-4668-BE54-9A1E7A4F7556}") = "Application", "Application\Application.csproj", "{23180BF4-F487-4934-9FB0-68BC22D43A75}"
EndProject
Project("{9A19103F-16F7-4668-BE54-9A1E7A4F7556}") = "Domain", "Domain\Domain.csproj", "{56B3AB4B-D58C-44CB-A4D6-2CCE2B59C2AA}"
EndProject
Project("{9A19103F-16F7-4668-BE54-9A1E7A4F7556}") = "Persistence", "Persistence\Persistence.csproj", "{7379131B-7765-4211-A09D-F619E6806C20}"
EndProject
Global
	GlobalSection(SolutionConfigurationPlatforms) = preSolution
		Debug|Any CPU = Debug|Any CPU
		Debug|x64 = Debug|x64
		Debug|x86 = Debug|x86
		Release|Any CPU = Release|Any CPU
		Release|x64 = Release|x64
		Release|x86 = Release|x86
	EndGlobalSection
	GlobalSection(ProjectConfigurationPlatforms) = postSolution
		{94A3BCA4-F744-4A2E-811F-E4CE2DABEB0C}.Debug|Any CPU.ActiveCfg = Debug|Any CPU
		{94A3BCA4-F744-4A2E-811F-E4CE2DABEB0C}.Debug|Any CPU.Build.0 = Debug|Any CPU
		{94A3BCA4-F744-4A2E-811F-E4CE2DABEB0C}.Debug|x64.ActiveCfg = Debug|Any CPU
		{94A3BCA4-F744-4A2E-811F-E4CE2DABEB0C}.Debug|x64.Build.0 = Debug|Any CPU
		{94A3BCA4-F744-4A2E-811F-E4CE2DABEB0C}.Debug|x86.ActiveCfg = Debug|Any CPU
		{94A3BCA4-F744-4A2E-811F-E4CE2DABEB0C}.Debug|x86.Build.0 = Debug|Any CPU
		{94A3BCA4-F744-4A2E-811F-E4CE2DABEB0C}.Release|Any CPU.ActiveCfg = Release|Any CPU
		{94A3BCA4-F744-4A2E-811F-E4CE2DABEB0C}.Release|Any CPU.Build.0 = Release|Any CPU
		{94A3BCA4-F744-4A2E-811F-E4CE2DABEB0C}.Release|x64.ActiveCfg = Release|Any CPU
		{94A3BCA4-F744-4A2E-811F-E4CE2DABEB0C}.Release|x64.Build.0 = Release|Any CPU
		{94A3BCA4-F744-4A2E-811F-E4CE2DABEB0C}.Release|x86.ActiveCfg = Release|Any CPU
		{94A3BCA4-F744-4A2E-811F-E4CE2DABEB0C}.Release|x86.Build.0 = Release|Any CPU
		{23180BF4-F487-4934-9FB0-68BC22D43A75}.Debug|Any CPU.ActiveCfg = Debug|Any CPU
		{23180BF4-F487-4934-9FB0-68BC22D43A75}.Debug|Any CPU.Build.0 = Debug|Any CPU
		{23180BF4-F487-4934-9FB0-68BC22D43A75}.Debug|x64.ActiveCfg = Debug|Any CPU
		{23180BF4-F487-4934-9FB0-68BC22D43A75}.Debug|x64.Build.0 = Debug|Any CPU
		{23180BF4-F487-4934-9FB0-68BC22D43A75}.Debug|x86.ActiveCfg = Debug|Any CPU
		{23180BF4-F487-4934-9FB0-68BC22D43A75}.Debug|x86.Build.0 = Debug|Any CPU
		{23180BF4-F487-4934-9FB0-68BC22D43A75}.Release|Any CPU.ActiveCfg = Release|Any CPU
		{23180BF4-F487-4934-9FB0-68BC22D43A75}.Release|Any CPU.Build.0 = Release|Any CPU
		{23180BF4-F487-4934-9FB0-68BC22D43A75}.Release|x64.ActiveCfg = Release|Any CPU
		{23180BF4-F487-4934-9FB0-68BC22D43A75}.Release|x64.Build.0 = Release|Any CPU
		{23180BF4-F487-4934-9FB0-68BC22D43A75}.Release|x86.ActiveCfg = Release|Any CPU
		{23180BF4-F487-4934-9FB0-68BC22D43A75}.Release|x86.Build.0 = Release|Any CPU
		{56B3AB4B-D58C-44CB-A4D6-2CCE2B59C2AA}.Debug|Any CPU.ActiveCfg = Debug|Any CPU
		{56B3AB4B-D58C-44CB-A4D6-2CCE2B59C2AA}.Debug|Any CPU.Build.0 = Debug|Any CPU
		{56B3AB4B-D58C-44CB-A4D6-2CCE2B59C2AA}.Debug|x64.ActiveCfg = Debug|Any CPU
		{56B3AB4B-D58C-44CB-A4D6-2CCE2B59C2AA}.Debug|x64.Build.0 = Debug|Any CPU
		{56B3AB4B-D58C-44CB-A4D6-2CCE2B59C2AA}.Debug|x86.ActiveCfg = Debug|Any CPU
		{56B3AB4B-D58C-44CB-A4D6-2CCE2B59C2AA}.Debug|x86.Build.0 = Debug|Any CPU
		{56B3AB4B-D58C-44CB-A4D6-2CCE2B59C2AA}.Release|Any CPU.ActiveCfg = Release|Any CPU
		{56B3AB4B-D58C-44CB-A4D6-2CCE2B59C2AA}.Release|Any CPU.Build.0 = Release|Any CPU
		{56B3AB4B-D58C-44CB-A4D6-2CCE2B59C2AA}.Release|x64.ActiveCfg = Release|Any CPU
		{56B3AB4B-D58C-44CB-A4D6-2CCE2B59C2AA}.Release|x64.Build.0 = Release|Any CPU
		{56B3AB4B-D58C-44CB-A4D6-2CCE2B59C2AA}.Release|x86.ActiveCfg = Release|Any CPU
		{56B3AB4B-D58C-44CB-A4D6-2CCE2B59C2AA}.Release|x86.Build.0 = Release|Any CPU
		{7379131B-7765-4211-A09D-F619E6806C20}.Debug|Any CPU.ActiveCfg = Debug|Any CPU
		{7379131B-7765-4211-A09D-F619E6806C20}.Debug|Any CPU.Build.0 = Debug|Any CPU
		{7379131B-7765-4211-A09D-F619E6806C20}.Debug|x64.ActiveCfg = Debug|Any CPU
		{7379131B-7765-4211-A09D-F619E6806C20}.Debug|x64.Build.0 = Debug|Any CPU
		{7379131B-7765-4211-A09D-F619E6806C20}.Debug|x86.ActiveCfg = Debug|Any CPU
		{7379131B-7765-4211-A09D-F619E6806C20}.Debug|x86.Build.0 = Debug|Any CPU
		{7379131B-7765-4211-A09D-F619E6806C20}.Release|Any CPU.ActiveCfg = Release|Any CPU
		{7379131B-7765-4211-A09D-F619E6806C20}.Release|Any CPU.Build.0 = Release|Any CPU
		{7379131B-7765-4211-A09D-F619E6806C20}.Release|x64.ActiveCfg = Release|Any CPU
		{7379131B-7765-4211-A09D-F619E6806C20}.Release|x64.Build.0 = Release|Any CPU
		{7379131B-7765-4211-A09D-F619E6806C20}.Release|x86.ActiveCfg = Release|Any CPU
		{7379131B-7765-4211-A09D-F619E6806C20}.Release|x86.Build.0 = Release|Any CPU
	EndGlobalSection
	GlobalSection(SolutionProperties) = preSolution
		HideSolutionNode = FALSE
	EndGlobalSection
	GlobalSection(ExtensibilityGlobals) = postSolution
		SolutionGuid = {4CEC582B-2E70-4F0C-85F9-EF4BED8B5558}
	EndGlobalSection
EndGlobal
